// !$*UTF8*$!
{
	archiveVersion = 1;
	classes = {
	};
	objectVersion = 50;
	objects = {

/* Begin PBXBuildFile section */
		7BE9F9AC2463E78400B90142 /* AppDelegate.m in Sources */ = {isa = PBXBuildFile; fileRef = 7BE9F9AB2463E78400B90142 /* AppDelegate.m */; };
		7BE9F9AF2463E78400B90142 /* SceneDelegate.m in Sources */ = {isa = PBXBuildFile; fileRef = 7BE9F9AE2463E78400B90142 /* SceneDelegate.m */; };
		7BE9F9B22463E78400B90142 /* ViewController.m in Sources */ = {isa = PBXBuildFile; fileRef = 7BE9F9B12463E78400B90142 /* ViewController.m */; };
		7BE9F9B52463E78400B90142 /* Main.storyboard in Resources */ = {isa = PBXBuildFile; fileRef = 7BE9F9B32463E78400B90142 /* Main.storyboard */; };
		7BE9F9B72463E78800B90142 /* Assets.xcassets in Resources */ = {isa = PBXBuildFile; fileRef = 7BE9F9B62463E78800B90142 /* Assets.xcassets */; };
		7BE9F9BA2463E78800B90142 /* LaunchScreen.storyboard in Resources */ = {isa = PBXBuildFile; fileRef = 7BE9F9B82463E78800B90142 /* LaunchScreen.storyboard */; };
		7BE9F9BD2463E78800B90142 /* main.m in Sources */ = {isa = PBXBuildFile; fileRef = 7BE9F9BC2463E78800B90142 /* main.m */; };
		7BE9F9C72463E78800B90142 /* ____Tests.m in Sources */ = {isa = PBXBuildFile; fileRef = 7BE9F9C62463E78800B90142 /* ____Tests.m */; };
		7BE9F9D22463E78800B90142 /* ____UITests.m in Sources */ = {isa = PBXBuildFile; fileRef = 7BE9F9D12463E78800B90142 /* ____UITests.m */; };
/* End PBXBuildFile section */

/* Begin PBXContainerItemProxy section */
		7BE9F9C32463E78800B90142 /* PBXContainerItemProxy */ = {
			isa = PBXContainerItemProxy;
			containerPortal = 7BE9F99F2463E78400B90142 /* Project object */;
			proxyType = 1;
			remoteGlobalIDString = 7BE9F9A62463E78400B90142;
			remoteInfo = "宝万盯盘";
		};
		7BE9F9CE2463E78800B90142 /* PBXContainerItemProxy */ = {
			isa = PBXContainerItemProxy;
			containerPortal = 7BE9F99F2463E78400B90142 /* Project object */;
			proxyType = 1;
			remoteGlobalIDString = 7BE9F9A62463E78400B90142;
			remoteInfo = "宝万盯盘";
		};
/* End PBXContainerItemProxy section */

/* Begin PBXFileReference section */
		7BE9F9A72463E78400B90142 /* 宝万盯盘.app */ = {isa = PBXFileReference; explicitFileType = wrapper.application; includeInIndex = 0; path = "宝万盯盘.app"; sourceTree = BUILT_PRODUCTS_DIR; };
		7BE9F9AA2463E78400B90142 /* AppDelegate.h */ = {isa = PBXFileReference; lastKnownFileType = sourcecode.c.h; path = AppDelegate.h; sourceTree = "<group>"; };
		7BE9F9AB2463E78400B90142 /* AppDelegate.m */ = {isa = PBXFileReference; lastKnownFileType = sourcecode.c.objc; path = AppDelegate.m; sourceTree = "<group>"; };
		7BE9F9AD2463E78400B90142 /* SceneDelegate.h */ = {isa = PBXFileReference; lastKnownFileType = sourcecode.c.h; path = SceneDelegate.h; sourceTree = "<group>"; };
		7BE9F9AE2463E78400B90142 /* SceneDelegate.m */ = {isa = PBXFileReference; lastKnownFileType = sourcecode.c.objc; path = SceneDelegate.m; sourceTree = "<group>"; };
		7BE9F9B02463E78400B90142 /* ViewController.h */ = {isa = PBXFileReference; lastKnownFileType = sourcecode.c.h; path = ViewController.h; sourceTree = "<group>"; };
		7BE9F9B12463E78400B90142 /* ViewController.m */ = {isa = PBXFileReference; lastKnownFileType = sourcecode.c.objc; path = ViewController.m; sourceTree = "<group>"; };
		7BE9F9B42463E78400B90142 /* Base */ = {isa = PBXFileReference; lastKnownFileType = file.storyboard; name = Base; path = Base.lproj/Main.storyboard; sourceTree = "<group>"; };
		7BE9F9B62463E78800B90142 /* Assets.xcassets */ = {isa = PBXFileReference; lastKnownFileType = folder.assetcatalog; path = Assets.xcassets; sourceTree = "<group>"; };
		7BE9F9B92463E78800B90142 /* Base */ = {isa = PBXFileReference; lastKnownFileType = file.storyboard; name = Base; path = Base.lproj/LaunchScreen.storyboard; sourceTree = "<group>"; };
		7BE9F9BB2463E78800B90142 /* Info.plist */ = {isa = PBXFileReference; lastKnownFileType = text.plist.xml; path = Info.plist; sourceTree = "<group>"; };
		7BE9F9BC2463E78800B90142 /* main.m */ = {isa = PBXFileReference; lastKnownFileType = sourcecode.c.objc; path = main.m; sourceTree = "<group>"; };
		7BE9F9C22463E78800B90142 /* 宝万盯盘Tests.xctest */ = {isa = PBXFileReference; explicitFileType = wrapper.cfbundle; includeInIndex = 0; path = "宝万盯盘Tests.xctest"; sourceTree = BUILT_PRODUCTS_DIR; };
		7BE9F9C62463E78800B90142 /* ____Tests.m */ = {isa = PBXFileReference; lastKnownFileType = sourcecode.c.objc; path = "____Tests.m"; sourceTree = "<group>"; };
		7BE9F9C82463E78800B90142 /* Info.plist */ = {isa = PBXFileReference; lastKnownFileType = text.plist.xml; path = Info.plist; sourceTree = "<group>"; };
		7BE9F9CD2463E78800B90142 /* 宝万盯盘UITests.xctest */ = {isa = PBXFileReference; explicitFileType = wrapper.cfbundle; includeInIndex = 0; path = "宝万盯盘UITests.xctest"; sourceTree = BUILT_PRODUCTS_DIR; };
		7BE9F9D12463E78800B90142 /* ____UITests.m */ = {isa = PBXFileReference; lastKnownFileType = sourcecode.c.objc; path = "____UITests.m"; sourceTree = "<group>"; };
		7BE9F9D32463E78800B90142 /* Info.plist */ = {isa = PBXFileReference; lastKnownFileType = text.plist.xml; path = Info.plist; sourceTree = "<group>"; };
/* End PBXFileReference section */

/* Begin PBXFrameworksBuildPhase section */
		7BE9F9A42463E78400B90142 /* Frameworks */ = {
			isa = PBXFrameworksBuildPhase;
			buildActionMask = 2147483647;
			files = (
			);
			runOnlyForDeploymentPostprocessing = 0;
		};
		7BE9F9BF2463E78800B90142 /* Frameworks */ = {
			isa = PBXFrameworksBuildPhase;
			buildActionMask = 2147483647;
			files = (
			);
			runOnlyForDeploymentPostprocessing = 0;
		};
		7BE9F9CA2463E78800B90142 /* Frameworks */ = {
			isa = PBXFrameworksBuildPhase;
			buildActionMask = 2147483647;
			files = (
			);
			runOnlyForDeploymentPostprocessing = 0;
		};
/* End PBXFrameworksBuildPhase section */

/* Begin PBXGroup section */
		7BE9F99E2463E78400B90142 = {
			isa = PBXGroup;
			children = (
				7BE9F9A92463E78400B90142 /* 宝万盯盘 */,
				7BE9F9C52463E78800B90142 /* 宝万盯盘Tests */,
				7BE9F9D02463E78800B90142 /* 宝万盯盘UITests */,
				7BE9F9A82463E78400B90142 /* Products */,
			);
			sourceTree = "<group>";
		};
		7BE9F9A82463E78400B90142 /* Products */ = {
			isa = PBXGroup;
			children = (
				7BE9F9A72463E78400B90142 /* 宝万盯盘.app */,
				7BE9F9C22463E78800B90142 /* 宝万盯盘Tests.xctest */,
				7BE9F9CD2463E78800B90142 /* 宝万盯盘UITests.xctest */,
			);
			name = Products;
			sourceTree = "<group>";
		};
		7BE9F9A92463E78400B90142 /* 宝万盯盘 */ = {
			isa = PBXGroup;
			children = (
				7BE9F9AA2463E78400B90142 /* AppDelegate.h */,
				7BE9F9AB2463E78400B90142 /* AppDelegate.m */,
				7BE9F9AD2463E78400B90142 /* SceneDelegate.h */,
				7BE9F9AE2463E78400B90142 /* SceneDelegate.m */,
				7BE9F9B02463E78400B90142 /* ViewController.h */,
				7BE9F9B12463E78400B90142 /* ViewController.m */,
				7BE9F9B32463E78400B90142 /* Main.storyboard */,
				7BE9F9B62463E78800B90142 /* Assets.xcassets */,
				7BE9F9B82463E78800B90142 /* LaunchScreen.storyboard */,
				7BE9F9BB2463E78800B90142 /* Info.plist */,
				7BE9F9BC2463E78800B90142 /* main.m */,
			);
			path = "宝万盯盘";
			sourceTree = "<group>";
		};
		7BE9F9C52463E78800B90142 /* 宝万盯盘Tests */ = {
			isa = PBXGroup;
			children = (
				7BE9F9C62463E78800B90142 /* ____Tests.m */,
				7BE9F9C82463E78800B90142 /* Info.plist */,
			);
			path = "宝万盯盘Tests";
			sourceTree = "<group>";
		};
		7BE9F9D02463E78800B90142 /* 宝万盯盘UITests */ = {
			isa = PBXGroup;
			children = (
				7BE9F9D12463E78800B90142 /* ____UITests.m */,
				7BE9F9D32463E78800B90142 /* Info.plist */,
			);
			path = "宝万盯盘UITests";
			sourceTree = "<group>";
		};
/* End PBXGroup section */

/* Begin PBXNativeTarget section */
		7BE9F9A62463E78400B90142 /* 宝万盯盘 */ = {
			isa = PBXNativeTarget;
			buildConfigurationList = 7BE9F9D62463E78800B90142 /* Build configuration list for PBXNativeTarget "宝万盯盘" */;
			buildPhases = (
				7BE9F9A32463E78400B90142 /* Sources */,
				7BE9F9A42463E78400B90142 /* Frameworks */,
				7BE9F9A52463E78400B90142 /* Resources */,
			);
			buildRules = (
			);
			dependencies = (
			);
			name = "宝万盯盘";
			productName = "宝万盯盘";
			productReference = 7BE9F9A72463E78400B90142 /* 宝万盯盘.app */;
			productType = "com.apple.product-type.application";
		};
		7BE9F9C12463E78800B90142 /* 宝万盯盘Tests */ = {
			isa = PBXNativeTarget;
			buildConfigurationList = 7BE9F9D92463E78800B90142 /* Build configuration list for PBXNativeTarget "宝万盯盘Tests" */;
			buildPhases = (
				7BE9F9BE2463E78800B90142 /* Sources */,
				7BE9F9BF2463E78800B90142 /* Frameworks */,
				7BE9F9C02463E78800B90142 /* Resources */,
			);
			buildRules = (
			);
			dependencies = (
				7BE9F9C42463E78800B90142 /* PBXTargetDependency */,
			);
			name = "宝万盯盘Tests";
			productName = "宝万盯盘Tests";
			productReference = 7BE9F9C22463E78800B90142 /* 宝万盯盘Tests.xctest */;
			productType = "com.apple.product-type.bundle.unit-test";
		};
		7BE9F9CC2463E78800B90142 /* 宝万盯盘UITests */ = {
			isa = PBXNativeTarget;
			buildConfigurationList = 7BE9F9DC2463E78800B90142 /* Build configuration list for PBXNativeTarget "宝万盯盘UITests" */;
			buildPhases = (
				7BE9F9C92463E78800B90142 /* Sources */,
				7BE9F9CA2463E78800B90142 /* Frameworks */,
				7BE9F9CB2463E78800B90142 /* Resources */,
			);
			buildRules = (
			);
			dependencies = (
				7BE9F9CF2463E78800B90142 /* PBXTargetDependency */,
			);
			name = "宝万盯盘UITests";
			productName = "宝万盯盘UITests";
			productReference = 7BE9F9CD2463E78800B90142 /* 宝万盯盘UITests.xctest */;
			productType = "com.apple.product-type.bundle.ui-testing";
		};
/* End PBXNativeTarget section */

/* Begin PBXProject section */
		7BE9F99F2463E78400B90142 /* Project object */ = {
			isa = PBXProject;
			attributes = {
				LastUpgradeCheck = 1140;
				ORGANIZATIONNAME = "宝万盯盘";
				TargetAttributes = {
					7BE9F9A62463E78400B90142 = {
						CreatedOnToolsVersion = 11.4.1;
					};
					7BE9F9C12463E78800B90142 = {
						CreatedOnToolsVersion = 11.4.1;
						TestTargetID = 7BE9F9A62463E78400B90142;
					};
					7BE9F9CC2463E78800B90142 = {
						CreatedOnToolsVersion = 11.4.1;
						TestTargetID = 7BE9F9A62463E78400B90142;
					};
				};
			};
			buildConfigurationList = 7BE9F9A22463E78400B90142 /* Build configuration list for PBXProject "宝万盯盘" */;
			compatibilityVersion = "Xcode 9.3";
			developmentRegion = en;
			hasScannedForEncodings = 0;
			knownRegions = (
				en,
				Base,
			);
			mainGroup = 7BE9F99E2463E78400B90142;
			productRefGroup = 7BE9F9A82463E78400B90142 /* Products */;
			projectDirPath = "";
			projectRoot = "";
			targets = (
				7BE9F9A62463E78400B90142 /* 宝万盯盘 */,
				7BE9F9C12463E78800B90142 /* 宝万盯盘Tests */,
				7BE9F9CC2463E78800B90142 /* 宝万盯盘UITests */,
			);
		};
/* End PBXProject section */

/* Begin PBXResourcesBuildPhase section */
		7BE9F9A52463E78400B90142 /* Resources */ = {
			isa = PBXResourcesBuildPhase;
			buildActionMask = 2147483647;
			files = (
				7BE9F9BA2463E78800B90142 /* LaunchScreen.storyboard in Resources */,
				7BE9F9B72463E78800B90142 /* Assets.xcassets in Resources */,
				7BE9F9B52463E78400B90142 /* Main.storyboard in Resources */,
			);
			runOnlyForDeploymentPostprocessing = 0;
		};
		7BE9F9C02463E78800B90142 /* Resources */ = {
			isa = PBXResourcesBuildPhase;
			buildActionMask = 2147483647;
			files = (
			);
			runOnlyForDeploymentPostprocessing = 0;
		};
		7BE9F9CB2463E78800B90142 /* Resources */ = {
			isa = PBXResourcesBuildPhase;
			buildActionMask = 2147483647;
			files = (
			);
			runOnlyForDeploymentPostprocessing = 0;
		};
/* End PBXResourcesBuildPhase section */

/* Begin PBXSourcesBuildPhase section */
		7BE9F9A32463E78400B90142 /* Sources */ = {
			isa = PBXSourcesBuildPhase;
			buildActionMask = 2147483647;
			files = (
				7BE9F9B22463E78400B90142 /* ViewController.m in Sources */,
				7BE9F9AC2463E78400B90142 /* AppDelegate.m in Sources */,
				7BE9F9BD2463E78800B90142 /* main.m in Sources */,
				7BE9F9AF2463E78400B90142 /* SceneDelegate.m in Sources */,
			);
			runOnlyForDeploymentPostprocessing = 0;
		};
		7BE9F9BE2463E78800B90142 /* Sources */ = {
			isa = PBXSourcesBuildPhase;
			buildActionMask = 2147483647;
			files = (
				7BE9F9C72463E78800B90142 /* ____Tests.m in Sources */,
			);
			runOnlyForDeploymentPostprocessing = 0;
		};
		7BE9F9C92463E78800B90142 /* Sources */ = {
			isa = PBXSourcesBuildPhase;
			buildActionMask = 2147483647;
			files = (
				7BE9F9D22463E78800B90142 /* ____UITests.m in Sources */,
			);
			runOnlyForDeploymentPostprocessing = 0;
		};
/* End PBXSourcesBuildPhase section */

/* Begin PBXTargetDependency section */
		7BE9F9C42463E78800B90142 /* PBXTargetDependency */ = {
			isa = PBXTargetDependency;
			target = 7BE9F9A62463E78400B90142 /* 宝万盯盘 */;
			targetProxy = 7BE9F9C32463E78800B90142 /* PBXContainerItemProxy */;
		};
		7BE9F9CF2463E78800B90142 /* PBXTargetDependency */ = {
			isa = PBXTargetDependency;
			target = 7BE9F9A62463E78400B90142 /* 宝万盯盘 */;
			targetProxy = 7BE9F9CE2463E78800B90142 /* PBXContainerItemProxy */;
		};
/* End PBXTargetDependency section */

/* Begin PBXVariantGroup section */
		7BE9F9B32463E78400B90142 /* Main.storyboard */ = {
			isa = PBXVariantGroup;
			children = (
				7BE9F9B42463E78400B90142 /* Base */,
			);
			name = Main.storyboard;
			sourceTree = "<group>";
		};
		7BE9F9B82463E78800B90142 /* LaunchScreen.storyboard */ = {
			isa = PBXVariantGroup;
			children = (
				7BE9F9B92463E78800B90142 /* Base */,
			);
			name = LaunchScreen.storyboard;
			sourceTree = "<group>";
		};
/* End PBXVariantGroup section */

/* Begin XCBuildConfiguration section */
		7BE9F9D42463E78800B90142 /* Debug */ = {
			isa = XCBuildConfiguration;
			buildSettings = {
				ALWAYS_SEARCH_USER_PATHS = NO;
				CLANG_ANALYZER_NONNULL = YES;
				CLANG_ANALYZER_NUMBER_OBJECT_CONVERSION = YES_AGGRESSIVE;
				CLANG_CXX_LANGUAGE_STANDARD = "gnu++14";
				CLANG_CXX_LIBRARY = "libc++";
				CLANG_ENABLE_MODULES = YES;
				CLANG_ENABLE_OBJC_ARC = YES;
				CLANG_ENABLE_OBJC_WEAK = YES;
				CLANG_WARN_BLOCK_CAPTURE_AUTORELEASING = YES;
				CLANG_WARN_BOOL_CONVERSION = YES;
				CLANG_WARN_COMMA = YES;
				CLANG_WARN_CONSTANT_CONVERSION = YES;
				CLANG_WARN_DEPRECATED_OBJC_IMPLEMENTATIONS = YES;
				CLANG_WARN_DIRECT_OBJC_ISA_USAGE = YES_ERROR;
				CLANG_WARN_DOCUMENTATION_COMMENTS = YES;
				CLANG_WARN_EMPTY_BODY = YES;
				CLANG_WARN_ENUM_CONVERSION = YES;
				CLANG_WARN_INFINITE_RECURSION = YES;
				CLANG_WARN_INT_CONVERSION = YES;
				CLANG_WARN_NON_LITERAL_NULL_CONVERSION = YES;
				CLANG_WARN_OBJC_IMPLICIT_RETAIN_SELF = YES;
				CLANG_WARN_OBJC_LITERAL_CONVERSION = YES;
				CLANG_WARN_OBJC_ROOT_CLASS = YES_ERROR;
				CLANG_WARN_RANGE_LOOP_ANALYSIS = YES;
				CLANG_WARN_STRICT_PROTOTYPES = YES;
				CLANG_WARN_SUSPICIOUS_MOVE = YES;
				CLANG_WARN_UNGUARDED_AVAILABILITY = YES_AGGRESSIVE;
				CLANG_WARN_UNREACHABLE_CODE = YES;
				CLANG_WARN__DUPLICATE_METHOD_MATCH = YES;
				COPY_PHASE_STRIP = NO;
				DEBUG_INFORMATION_FORMAT = dwarf;
				ENABLE_STRICT_OBJC_MSGSEND = YES;
				ENABLE_TESTABILITY = YES;
				GCC_C_LANGUAGE_STANDARD = gnu11;
				GCC_DYNAMIC_NO_PIC = NO;
				GCC_NO_COMMON_BLOCKS = YES;
				GCC_OPTIMIZATION_LEVEL = 0;
				GCC_PREPROCESSOR_DEFINITIONS = (
					"DEBUG=1",
					"$(inherited)",
				);
				GCC_WARN_64_TO_32_BIT_CONVERSION = YES;
				GCC_WARN_ABOUT_RETURN_TYPE = YES_ERROR;
				GCC_WARN_UNDECLARED_SELECTOR = YES;
				GCC_WARN_UNINITIALIZED_AUTOS = YES_AGGRESSIVE;
				GCC_WARN_UNUSED_FUNCTION = YES;
				GCC_WARN_UNUSED_VARIABLE = YES;
				IPHONEOS_DEPLOYMENT_TARGET = 13.4;
				MTL_ENABLE_DEBUG_INFO = INCLUDE_SOURCE;
				MTL_FAST_MATH = YES;
				ONLY_ACTIVE_ARCH = YES;
				SDKROOT = iphoneos;
			};
			name = Debug;
		};
		7BE9F9D52463E78800B90142 /* Release */ = {
			isa = XCBuildConfiguration;
			buildSettings = {
				ALWAYS_SEARCH_USER_PATHS = NO;
				CLANG_ANALYZER_NONNULL = YES;
				CLANG_ANALYZER_NUMBER_OBJECT_CONVERSION = YES_AGGRESSIVE;
				CLANG_CXX_LANGUAGE_STANDARD = "gnu++14";
				CLANG_CXX_LIBRARY = "libc++";
				CLANG_ENABLE_MODULES = YES;
				CLANG_ENABLE_OBJC_ARC = YES;
				CLANG_ENABLE_OBJC_WEAK = YES;
				CLANG_WARN_BLOCK_CAPTURE_AUTORELEASING = YES;
				CLANG_WARN_BOOL_CONVERSION = YES;
				CLANG_WARN_COMMA = YES;
				CLANG_WARN_CONSTANT_CONVERSION = YES;
				CLANG_WARN_DEPRECATED_OBJC_IMPLEMENTATIONS = YES;
				CLANG_WARN_DIRECT_OBJC_ISA_USAGE = YES_ERROR;
				CLANG_WARN_DOCUMENTATION_COMMENTS = YES;
				CLANG_WARN_EMPTY_BODY = YES;
				CLANG_WARN_ENUM_CONVERSION = YES;
				CLANG_WARN_INFINITE_RECURSION = YES;
				CLANG_WARN_INT_CONVERSION = YES;
				CLANG_WARN_NON_LITERAL_NULL_CONVERSION = YES;
				CLANG_WARN_OBJC_IMPLICIT_RETAIN_SELF = YES;
				CLANG_WARN_OBJC_LITERAL_CONVERSION = YES;
				CLANG_WARN_OBJC_ROOT_CLASS = YES_ERROR;
				CLANG_WARN_RANGE_LOOP_ANALYSIS = YES;
				CLANG_WARN_STRICT_PROTOTYPES = YES;
				CLANG_WARN_SUSPICIOUS_MOVE = YES;
				CLANG_WARN_UNGUARDED_AVAILABILITY = YES_AGGRESSIVE;
				CLANG_WARN_UNREACHABLE_CODE = YES;
				CLANG_WARN__DUPLICATE_METHOD_MATCH = YES;
				COPY_PHASE_STRIP = NO;
				DEBUG_INFORMATION_FORMAT = "dwarf-with-dsym";
				ENABLE_NS_ASSERTIONS = NO;
				ENABLE_STRICT_OBJC_MSGSEND = YES;
				GCC_C_LANGUAGE_STANDARD = gnu11;
				GCC_NO_COMMON_BLOCKS = YES;
				GCC_WARN_64_TO_32_BIT_CONVERSION = YES;
				GCC_WARN_ABOUT_RETURN_TYPE = YES_ERROR;
				GCC_WARN_UNDECLARED_SELECTOR = YES;
				GCC_WARN_UNINITIALIZED_AUTOS = YES_AGGRESSIVE;
				GCC_WARN_UNUSED_FUNCTION = YES;
				GCC_WARN_UNUSED_VARIABLE = YES;
				IPHONEOS_DEPLOYMENT_TARGET = 13.4;
				MTL_ENABLE_DEBUG_INFO = NO;
				MTL_FAST_MATH = YES;
				SDKROOT = iphoneos;
				VALIDATE_PRODUCT = YES;
			};
			name = Release;
		};
		7BE9F9D72463E78800B90142 /* Debug */ = {
			isa = XCBuildConfiguration;
			buildSettings = {
				ASSETCATALOG_COMPILER_APPICON_NAME = AppIcon;
				CODE_SIGN_STYLE = Automatic;
				INFOPLIST_FILE = "宝万盯盘/Info.plist";
				LD_RUNPATH_SEARCH_PATHS = (
					"$(inherited)",
					"@executable_path/Frameworks",
				);
				PRODUCT_BUNDLE_IDENTIFIER = "----.----";
				PRODUCT_NAME = "$(TARGET_NAME)";
				TARGETED_DEVICE_FAMILY = "1,2";
			};
			name = Debug;
		};
		7BE9F9D82463E78800B90142 /* Release */ = {
			isa = XCBuildConfiguration;
			buildSettings = {
				ASSETCATALOG_COMPILER_APPICON_NAME = AppIcon;
				CODE_SIGN_STYLE = Automatic;
				INFOPLIST_FILE = "宝万盯盘/Info.plist";
				LD_RUNPATH_SEARCH_PATHS = (
					"$(inherited)",
					"@executable_path/Frameworks",
				);
				PRODUCT_BUNDLE_IDENTIFIER = "----.----";
				PRODUCT_NAME = "$(TARGET_NAME)";
				TARGETED_DEVICE_FAMILY = "1,2";
			};
			name = Release;
		};
		7BE9F9DA2463E78800B90142 /* Debug */ = {
			isa = XCBuildConfiguration;
			buildSettings = {
				BUNDLE_LOADER = "$(TEST_HOST)";
				CODE_SIGN_STYLE = Automatic;
				INFOPLIST_FILE = "宝万盯盘Tests/Info.plist";
				IPHONEOS_DEPLOYMENT_TARGET = 13.4;
				LD_RUNPATH_SEARCH_PATHS = (
					"$(inherited)",
					"@executable_path/Frameworks",
					"@loader_path/Frameworks",
				);
				PRODUCT_BUNDLE_IDENTIFIER = "----.----Tests";
				PRODUCT_NAME = "$(TARGET_NAME)";
				TARGETED_DEVICE_FAMILY = "1,2";
				TEST_HOST = "$(BUILT_PRODUCTS_DIR)/宝万盯盘.app/宝万盯盘";
			};
			name = Debug;
		};
		7BE9F9DB2463E78800B90142 /* Release */ = {
			isa = XCBuildConfiguration;
			buildSettings = {
				BUNDLE_LOADER = "$(TEST_HOST)";
				CODE_SIGN_STYLE = Automatic;
				INFOPLIST_FILE = "宝万盯盘Tests/Info.plist";
				IPHONEOS_DEPLOYMENT_TARGET = 13.4;
				LD_RUNPATH_SEARCH_PATHS = (
					"$(inherited)",
					"@executable_path/Frameworks",
					"@loader_path/Frameworks",
				);
				PRODUCT_BUNDLE_IDENTIFIER = "----.----Tests";
				PRODUCT_NAME = "$(TARGET_NAME)";
				TARGETED_DEVICE_FAMILY = "1,2";
				TEST_HOST = "$(BUILT_PRODUCTS_DIR)/宝万盯盘.app/宝万盯盘";
			};
			name = Release;
		};
		7BE9F9DD2463E78800B90142 /* Debug */ = {
			isa = XCBuildConfiguration;
			buildSettings = {
				CODE_SIGN_STYLE = Automatic;
				INFOPLIST_FILE = "宝万盯盘UITests/Info.plist";
				LD_RUNPATH_SEARCH_PATHS = (
					"$(inherited)",
					"@executable_path/Frameworks",
					"@loader_path/Frameworks",
				);
				PRODUCT_BUNDLE_IDENTIFIER = "----.----UITests";
				PRODUCT_NAME = "$(TARGET_NAME)";
				TARGETED_DEVICE_FAMILY = "1,2";
				TEST_TARGET_NAME = "宝万盯盘";
			};
			name = Debug;
		};
		7BE9F9DE2463E78800B90142 /* Release */ = {
			isa = XCBuildConfiguration;
			buildSettings = {
				CODE_SIGN_STYLE = Automatic;
				INFOPLIST_FILE = "宝万盯盘UITests/Info.plist";
				LD_RUNPATH_SEARCH_PATHS = (
					"$(inherited)",
					"@executable_path/Frameworks",
					"@loader_path/Frameworks",
				);
				PRODUCT_BUNDLE_IDENTIFIER = "----.----UITests";
				PRODUCT_NAME = "$(TARGET_NAME)";
				TARGETED_DEVICE_FAMILY = "1,2";
				TEST_TARGET_NAME = "宝万盯盘";
			};
			name = Release;
		};
/* End XCBuildConfiguration section */

/* Begin XCConfigurationList section */
		7BE9F9A22463E78400B90142 /* Build configuration list for PBXProject "宝万盯盘" */ = {
			isa = XCConfigurationList;
			buildConfigurations = (
				7BE9F9D42463E78800B90142 /* Debug */,
				7BE9F9D52463E78800B90142 /* Release */,
			);
			defaultConfigurationIsVisible = 0;
			defaultConfigurationName = Release;
		};
		7BE9F9D62463E78800B90142 /* Build configuration list for PBXNativeTarget "宝万盯盘" */ = {
			isa = XCConfigurationList;
			buildConfigurations = (
				7BE9F9D72463E78800B90142 /* Debug */,
				7BE9F9D82463E78800B90142 /* Release */,
			);
			defaultConfigurationIsVisible = 0;
			defaultConfigurationName = Release;
		};
		7BE9F9D92463E78800B90142 /* Build configuration list for PBXNativeTarget "宝万盯盘Tests" */ = {
			isa = XCConfigurationList;
			buildConfigurations = (
				7BE9F9DA2463E78800B90142 /* Debug */,
				7BE9F9DB2463E78800B90142 /* Release */,
			);
			defaultConfigurationIsVisible = 0;
			defaultConfigurationName = Release;
		};
		7BE9F9DC2463E78800B90142 /* Build configuration list for PBXNativeTarget "宝万盯盘UITests" */ = {
			isa = XCConfigurationList;
			buildConfigurations = (
				7BE9F9DD2463E78800B90142 /* Debug */,
				7BE9F9DE2463E78800B90142 /* Release */,
			);
			defaultConfigurationIsVisible = 0;
			defaultConfigurationName = Release;
		};
/* End XCConfigurationList section */
	};
	rootObject = 7BE9F99F2463E78400B90142 /* Project object */;
}
